
Microsoft Visual Studio Solution File, Format Version 12.00
# Visual Studio Version 17
VisualStudioVersion = 17.8.34525.116
MinimumVisualStudioVersion = 10.0.40219.1
Project("{F184B08F-C81C-45F6-A57F-5ABD9991F28F}") = "GroceryShop", "GroceryShop.vbproj", "{6F2B4730-552B-46C5-83CF-86B6D1FC88DB}"
EndProject
Project("{54435603-DBB4-11D2-8724-00A0C9A8B90C}") = "Grocery Shop Software", "..\Grocery Shop Software\Grocery Shop Software.vdproj", "{03AE8ED2-4079-4F41-8814-DB230D60CED2}"
EndProject
Global
	GlobalSection(SolutionConfigurationPlatforms) = preSolution
		Debug|Any CPU = Debug|Any CPU
		Release|Any CPU = Release|Any CPU
	EndGlobalSection
	GlobalSection(ProjectConfigurationPlatforms) = postSolution
		{6F2B4730-552B-46C5-83CF-86B6D1FC88DB}.Debug|Any CPU.ActiveCfg = Debug|Any CPU
		{6F2B4730-552B-46C5-83CF-86B6D1FC88DB}.Debug|Any CPU.Build.0 = Debug|Any CPU
		{6F2B4730-552B-46C5-83CF-86B6D1FC88DB}.Release|Any CPU.ActiveCfg = Release|Any CPU
		{6F2B4730-552B-46C5-83CF-86B6D1FC88DB}.Release|Any CPU.Build.0 = Release|Any CPU
		{03AE8ED2-4079-4F41-8814-DB230D60CED2}.Debug|Any CPU.ActiveCfg = Debug
		{03AE8ED2-4079-4F41-8814-DB230D60CED2}.Release|Any CPU.ActiveCfg = Release
	EndGlobalSection
	GlobalSection(SolutionProperties) = preSolution
		HideSolutionNode = FALSE
	EndGlobalSection
	GlobalSection(ExtensibilityGlobals) = postSolution
		SolutionGuid = {E2D40374-E4B8-4BF7-B98E-00312DD06A08}
	EndGlobalSection
EndGlobal
